
Microsoft Visual Studio Solution File, Format Version 12.00
# Visual Studio Version 16
VisualStudioVersion = 25.0.1706.1
MinimumVisualStudioVersion = 10.0.40219.1
Project("{FAE04EC0-301F-11D3-BF4B-00C04F79EFBC}") = "Alchemy.SourceGenerator", "Alchemy.SourceGenerator.csproj", "{073160C2-08C9-4905-A4D0-7897AADB4E6C}"
EndProject
Global
	GlobalSection(SolutionConfigurationPlatforms) = preSolution
		Debug|Any CPU = Debug|Any CPU
		Release|Any CPU = Release|Any CPU
	EndGlobalSection
	GlobalSection(ProjectConfigurationPlatforms) = postSolution
		{073160C2-08C9-4905-A4D0-7897AADB4E6C}.Debug|Any CPU.ActiveCfg = Debug|Any CPU
		{073160C2-08C9-4905-A4D0-7897AADB4E6C}.Debug|Any CPU.Build.0 = Debug|Any CPU
		{073160C2-08C9-4905-A4D0-7897AADB4E6C}.Release|Any CPU.ActiveCfg = Release|Any CPU
		{073160C2-08C9-4905-A4D0-7897AADB4E6C}.Release|Any CPU.Build.0 = Release|Any CPU
	EndGlobalSection
	GlobalSection(SolutionProperties) = preSolution
		HideSolutionNode = FALSE
	EndGlobalSection
	GlobalSection(ExtensibilityGlobals) = postSolution
		SolutionGuid = {D02A2C17-448E-4F43-BF08-7E77D0E2208B}
	EndGlobalSection
EndGlobal
